
Microsoft Visual Studio Solution File, Format Version 12.00
# Visual Studio 15
VisualStudioVersion = 15.0.27703.2035
MinimumVisualStudioVersion = 10.0.40219.1
Project("{FAE04EC0-301F-11D3-BF4B-00C04F79EFBC}") = "Aplicacion", "Aplicacion\Aplicacion.csproj", "{D2B9557A-257C-485C-BDA0-EEA2E41694F5}"
EndProject
Project("{FAE04EC0-301F-11D3-BF4B-00C04F79EFBC}") = "Librerias", "Librerias\Librerias.csproj", "{5D4FD0E4-7842-45AC-9983-2721DB4EBAAB}"
EndProject
Global
	GlobalSection(SolutionConfigurationPlatforms) = preSolution
		Debug|Any CPU = Debug|Any CPU
		Debug|ARM = Debug|ARM
		Debug|x64 = Debug|x64
		Debug|x86 = Debug|x86
		Release|Any CPU = Release|Any CPU
		Release|ARM = Release|ARM
		Release|x64 = Release|x64
		Release|x86 = Release|x86
	EndGlobalSection
	GlobalSection(ProjectConfigurationPlatforms) = postSolution
		{D2B9557A-257C-485C-BDA0-EEA2E41694F5}.Debug|Any CPU.ActiveCfg = Debug|Any CPU
		{D2B9557A-257C-485C-BDA0-EEA2E41694F5}.Debug|Any CPU.Build.0 = Debug|Any CPU
		{D2B9557A-257C-485C-BDA0-EEA2E41694F5}.Debug|ARM.ActiveCfg = Debug|Any CPU
		{D2B9557A-257C-485C-BDA0-EEA2E41694F5}.Debug|ARM.Build.0 = Debug|Any CPU
		{D2B9557A-257C-485C-BDA0-EEA2E41694F5}.Debug|x64.ActiveCfg = Debug|Any CPU
		{D2B9557A-257C-485C-BDA0-EEA2E41694F5}.Debug|x64.Build.0 = Debug|Any CPU
		{D2B9557A-257C-485C-BDA0-EEA2E41694F5}.Debug|x86.ActiveCfg = Debug|Any CPU
		{D2B9557A-257C-485C-BDA0-EEA2E41694F5}.Debug|x86.Build.0 = Debug|Any CPU
		{D2B9557A-257C-485C-BDA0-EEA2E41694F5}.Release|Any CPU.ActiveCfg = Release|Any CPU
		{D2B9557A-257C-485C-BDA0-EEA2E41694F5}.Release|Any CPU.Build.0 = Release|Any CPU
		{D2B9557A-257C-485C-BDA0-EEA2E41694F5}.Release|ARM.ActiveCfg = Release|Any CPU
		{D2B9557A-257C-485C-BDA0-EEA2E41694F5}.Release|ARM.Build.0 = Release|Any CPU
		{D2B9557A-257C-485C-BDA0-EEA2E41694F5}.Release|x64.ActiveCfg = Release|Any CPU
		{D2B9557A-257C-485C-BDA0-EEA2E41694F5}.Release|x64.Build.0 = Release|Any CPU
		{D2B9557A-257C-485C-BDA0-EEA2E41694F5}.Release|x86.ActiveCfg = Release|Any CPU
		{D2B9557A-257C-485C-BDA0-EEA2E41694F5}.Release|x86.Build.0 = Release|Any CPU
		{5D4FD0E4-7842-45AC-9983-2721DB4EBAAB}.Debug|Any CPU.ActiveCfg = Debug|Any CPU
		{5D4FD0E4-7842-45AC-9983-2721DB4EBAAB}.Debug|Any CPU.Build.0 = Debug|Any CPU
		{5D4FD0E4-7842-45AC-9983-2721DB4EBAAB}.Debug|ARM.ActiveCfg = Debug|Any CPU
		{5D4FD0E4-7842-45AC-9983-2721DB4EBAAB}.Debug|ARM.Build.0 = Debug|Any CPU
		{5D4FD0E4-7842-45AC-9983-2721DB4EBAAB}.Debug|x64.ActiveCfg = Debug|Any CPU
		{5D4FD0E4-7842-45AC-9983-2721DB4EBAAB}.Debug|x64.Build.0 = Debug|Any CPU
		{5D4FD0E4-7842-45AC-9983-2721DB4EBAAB}.Debug|x86.ActiveCfg = Debug|Any CPU
		{5D4FD0E4-7842-45AC-9983-2721DB4EBAAB}.Debug|x86.Build.0 = Debug|Any CPU
		{5D4FD0E4-7842-45AC-9983-2721DB4EBAAB}.Release|Any CPU.ActiveCfg = Release|Any CPU
		{5D4FD0E4-7842-45AC-9983-2721DB4EBAAB}.Release|Any CPU.Build.0 = Release|Any CPU
		{5D4FD0E4-7842-45AC-9983-2721DB4EBAAB}.Release|ARM.ActiveCfg = Release|Any CPU
		{5D4FD0E4-7842-45AC-9983-2721DB4EBAAB}.Release|ARM.Build.0 = Release|Any CPU
		{5D4FD0E4-7842-45AC-9983-2721DB4EBAAB}.Release|x64.ActiveCfg = Release|Any CPU
		{5D4FD0E4-7842-45AC-9983-2721DB4EBAAB}.Release|x64.Build.0 = Release|Any CPU
		{5D4FD0E4-7842-45AC-9983-2721DB4EBAAB}.Release|x86.ActiveCfg = Release|Any CPU
		{5D4FD0E4-7842-45AC-9983-2721DB4EBAAB}.Release|x86.Build.0 = Release|Any CPU
	EndGlobalSection
	GlobalSection(SolutionProperties) = preSolution
		HideSolutionNode = FALSE
	EndGlobalSection
	GlobalSection(ExtensibilityGlobals) = postSolution
		SolutionGuid = {5DEC3E4F-517E-4C65-BEC7-D7898D7A3743}
	EndGlobalSection
EndGlobal
